
Microsoft Visual Studio Solution File, Format Version 12.00
# Visual Studio Version 16
VisualStudioVersion = 16.0.31410.357
MinimumVisualStudioVersion = 10.0.40219.1
Project("{FAE04EC0-301F-11D3-BF4B-00C04F79EFBC}") = "FIT5032_MyCSS", "FIT5032_MyCSS.csproj", "{DF6B373F-8307-4D69-8157-B63FDAAE2673}"
EndProject
Project("{FAE04EC0-301F-11D3-BF4B-00C04F79EFBC}") = "FIT5032_MyCSS.Tests", "..\FIT5032_MyCSS.Tests\FIT5032_MyCSS.Tests.csproj", "{E1665F3C-2E66-451B-B3D4-C0EB3450964C}"
EndProject
Global
	GlobalSection(SolutionConfigurationPlatforms) = preSolution
		Debug|Any CPU = Debug|Any CPU
		Release|Any CPU = Release|Any CPU
	EndGlobalSection
	GlobalSection(ProjectConfigurationPlatforms) = postSolution
		{DF6B373F-8307-4D69-8157-B63FDAAE2673}.Debug|Any CPU.ActiveCfg = Debug|Any CPU
		{DF6B373F-8307-4D69-8157-B63FDAAE2673}.Debug|Any CPU.Build.0 = Debug|Any CPU
		{DF6B373F-8307-4D69-8157-B63FDAAE2673}.Release|Any CPU.ActiveCfg = Release|Any CPU
		{DF6B373F-8307-4D69-8157-B63FDAAE2673}.Release|Any CPU.Build.0 = Release|Any CPU
		{E1665F3C-2E66-451B-B3D4-C0EB3450964C}.Debug|Any CPU.ActiveCfg = Debug|Any CPU
		{E1665F3C-2E66-451B-B3D4-C0EB3450964C}.Debug|Any CPU.Build.0 = Debug|Any CPU
		{E1665F3C-2E66-451B-B3D4-C0EB3450964C}.Release|Any CPU.ActiveCfg = Release|Any CPU
		{E1665F3C-2E66-451B-B3D4-C0EB3450964C}.Release|Any CPU.Build.0 = Release|Any CPU
	EndGlobalSection
	GlobalSection(SolutionProperties) = preSolution
		HideSolutionNode = FALSE
	EndGlobalSection
	GlobalSection(ExtensibilityGlobals) = postSolution
		SolutionGuid = {FA02561C-100E-4B74-9E49-6796C2537E41}
	EndGlobalSection
EndGlobal
