
Microsoft Visual Studio Solution File, Format Version 12.00
# Visual Studio Version 16
VisualStudioVersion = 16.0.31424.327
MinimumVisualStudioVersion = 10.0.40219.1
Project("{FAE04EC0-301F-11D3-BF4B-00C04F79EFBC}") = "FIT5032_MyModelFirst", "FIT5032_MyModelFirst.csproj", "{EEF58823-8935-4663-A3B7-98174932C540}"
EndProject
Global
	GlobalSection(SolutionConfigurationPlatforms) = preSolution
		Debug|Any CPU = Debug|Any CPU
		Release|Any CPU = Release|Any CPU
	EndGlobalSection
	GlobalSection(ProjectConfigurationPlatforms) = postSolution
		{EEF58823-8935-4663-A3B7-98174932C540}.Debug|Any CPU.ActiveCfg = Debug|Any CPU
		{EEF58823-8935-4663-A3B7-98174932C540}.Debug|Any CPU.Build.0 = Debug|Any CPU
		{EEF58823-8935-4663-A3B7-98174932C540}.Release|Any CPU.ActiveCfg = Release|Any CPU
		{EEF58823-8935-4663-A3B7-98174932C540}.Release|Any CPU.Build.0 = Release|Any CPU
	EndGlobalSection
	GlobalSection(SolutionProperties) = preSolution
		HideSolutionNode = FALSE
	EndGlobalSection
	GlobalSection(ExtensibilityGlobals) = postSolution
		SolutionGuid = {D1FBA504-BE05-4454-A022-160854FB63B9}
	EndGlobalSection
EndGlobal
