
Microsoft Visual Studio Solution File, Format Version 12.00
# Visual Studio Version 16
VisualStudioVersion = 16.0.31424.327
MinimumVisualStudioVersion = 10.0.40219.1
Project("{FAE04EC0-301F-11D3-BF4B-00C04F79EFBC}") = "FIT5032_MyJS", "FIT5032_MyJS.csproj", "{21201133-28DE-4B30-8F63-80AD32DDD65C}"
EndProject
Global
	GlobalSection(SolutionConfigurationPlatforms) = preSolution
		Debug|Any CPU = Debug|Any CPU
		Release|Any CPU = Release|Any CPU
	EndGlobalSection
	GlobalSection(ProjectConfigurationPlatforms) = postSolution
		{21201133-28DE-4B30-8F63-80AD32DDD65C}.Debug|Any CPU.ActiveCfg = Debug|Any CPU
		{21201133-28DE-4B30-8F63-80AD32DDD65C}.Debug|Any CPU.Build.0 = Debug|Any CPU
		{21201133-28DE-4B30-8F63-80AD32DDD65C}.Release|Any CPU.ActiveCfg = Release|Any CPU
		{21201133-28DE-4B30-8F63-80AD32DDD65C}.Release|Any CPU.Build.0 = Release|Any CPU
	EndGlobalSection
	GlobalSection(SolutionProperties) = preSolution
		HideSolutionNode = FALSE
	EndGlobalSection
	GlobalSection(ExtensibilityGlobals) = postSolution
		SolutionGuid = {1737DEBD-40A7-41DD-AD5C-63F519463FBB}
	EndGlobalSection
EndGlobal
